PODS:
  - RongCloudIM/IMKit (2.9.25):
    - RongCloudIM/IMLib
  - RongCloudIM/IMLib (2.9.25)
  - RongCloudRTC (2.9.25):
    - RongCloudRTC/RongCallKit (= 2.9.25)
    - RongCloudRTC/RongCallLib (= 2.9.25)
  - RongCloudRTC/RongCallKit (2.9.25):
    - RongCloudIM/IMKit (~> 2.9.25)
    - RongCloudIM/IMLib (~> 2.9.25)
    - RongCloudRTC/RongCallLib
  - RongCloudRTC/RongCallLib (2.9.25):
    - RongCloudIM/IMLib (~> 2.9.25)

DEPENDENCIES:
  - RongCloudRTC (~> 2.9.25)

SPEC REPOS:
  https://github.com/cocoapods/specs.git:
    - RongCloudIM
    - RongCloudRTC

SPEC CHECKSUMS:
  RongCloudIM: cd6836aa86fbf6c02f7b6b5c895ea4caa894d67f
  RongCloudRTC: 561024c315d3726a67e718fb99b59e50e4a5ee6c

PODFILE CHECKSUM: a1d596340cfda24b5421ae110b1c3bb366d7f610

COCOAPODS: 1.7.2
